
Microsoft Visual Studio Solution File, Format Version 12.00
# Visual Studio Version 17
VisualStudioVersion = 17.11.35327.3
MinimumVisualStudioVersion = 10.0.40219.1
Project("{FAE04EC0-301F-11D3-BF4B-00C04F79EFBC}") = "Server", "Server\Server.csproj", "{2E9FFC60-4E13-47B5-AF1E-8DA59D7C6E55}"
EndProject
Project("{FAE04EC0-301F-11D3-BF4B-00C04F79EFBC}") = "Common", "Common\Common.csproj", "{B937B040-EC81-42EE-89C1-DD77E3CA99CA}"
EndProject
Global
	GlobalSection(SolutionConfigurationPlatforms) = preSolution
		Debug|Any CPU = Debug|Any CPU
		Release|Any CPU = Release|Any CPU
	EndGlobalSection
	GlobalSection(ProjectConfigurationPlatforms) = postSolution
		{2E9FFC60-4E13-47B5-AF1E-8DA59D7C6E55}.Debug|Any CPU.ActiveCfg = Debug|Any CPU
		{2E9FFC60-4E13-47B5-AF1E-8DA59D7C6E55}.Debug|Any CPU.Build.0 = Debug|Any CPU
		{2E9FFC60-4E13-47B5-AF1E-8DA59D7C6E55}.Release|Any CPU.ActiveCfg = Release|Any CPU
		{2E9FFC60-4E13-47B5-AF1E-8DA59D7C6E55}.Release|Any CPU.Build.0 = Release|Any CPU
		{B937B040-EC81-42EE-89C1-DD77E3CA99CA}.Debug|Any CPU.ActiveCfg = Debug|Any CPU
		{B937B040-EC81-42EE-89C1-DD77E3CA99CA}.Debug|Any CPU.Build.0 = Debug|Any CPU
		{B937B040-EC81-42EE-89C1-DD77E3CA99CA}.Release|Any CPU.ActiveCfg = Release|Any CPU
		{B937B040-EC81-42EE-89C1-DD77E3CA99CA}.Release|Any CPU.Build.0 = Release|Any CPU
	EndGlobalSection
	GlobalSection(SolutionProperties) = preSolution
		HideSolutionNode = FALSE
	EndGlobalSection
	GlobalSection(ExtensibilityGlobals) = postSolution
		SolutionGuid = {FA986B3E-0AAA-4300-AF60-A619A91060E5}
	EndGlobalSection
EndGlobal
